
Microsoft Visual Studio Solution File, Format Version 12.00
# Visual Studio Version 17
VisualStudioVersion = 17.1.32228.430
MinimumVisualStudioVersion = 10.0.40219.1
Project("{9A19103F-16F7-4668-BE54-9A1E7A4F7556}") = "EmployeesAPI", "EmployeesAPI\EmployeesAPI.csproj", "{648FACDC-0BA6-46D8-888D-E65DCF3EB48A}"
EndProject
Project("{FAE04EC0-301F-11D3-BF4B-00C04F79EFBC}") = "EmployeeAPITesting", "EmployeeAPITesting\EmployeeAPITesting.csproj", "{5F577E6B-8F50-43BE-A2E0-F6DA5F3E6693}"
EndProject
Global
	GlobalSection(SolutionConfigurationPlatforms) = preSolution
		Debug|Any CPU = Debug|Any CPU
		Release|Any CPU = Release|Any CPU
	EndGlobalSection
	GlobalSection(ProjectConfigurationPlatforms) = postSolution
		{648FACDC-0BA6-46D8-888D-E65DCF3EB48A}.Debug|Any CPU.ActiveCfg = Debug|Any CPU
		{648FACDC-0BA6-46D8-888D-E65DCF3EB48A}.Debug|Any CPU.Build.0 = Debug|Any CPU
		{648FACDC-0BA6-46D8-888D-E65DCF3EB48A}.Release|Any CPU.ActiveCfg = Release|Any CPU
		{648FACDC-0BA6-46D8-888D-E65DCF3EB48A}.Release|Any CPU.Build.0 = Release|Any CPU
		{5F577E6B-8F50-43BE-A2E0-F6DA5F3E6693}.Debug|Any CPU.ActiveCfg = Debug|Any CPU
		{5F577E6B-8F50-43BE-A2E0-F6DA5F3E6693}.Debug|Any CPU.Build.0 = Debug|Any CPU
		{5F577E6B-8F50-43BE-A2E0-F6DA5F3E6693}.Release|Any CPU.ActiveCfg = Release|Any CPU
		{5F577E6B-8F50-43BE-A2E0-F6DA5F3E6693}.Release|Any CPU.Build.0 = Release|Any CPU
	EndGlobalSection
	GlobalSection(SolutionProperties) = preSolution
		HideSolutionNode = FALSE
	EndGlobalSection
	GlobalSection(ExtensibilityGlobals) = postSolution
		SolutionGuid = {5DD18602-57AF-4994-B6D3-F9AE4B67ACBF}
	EndGlobalSection
EndGlobal
